
Microsoft Visual Studio Solution File, Format Version 12.00
# Visual Studio Version 17
VisualStudioVersion = 17.5.33516.290
MinimumVisualStudioVersion = 10.0.40219.1
Project("{FAE04EC0-301F-11D3-BF4B-00C04F79EFBC}") = "TaskFour", "TaskFour\TaskFour.csproj", "{AA30F4F9-BBF0-4CE8-A39A-EC2B0CACFF8D}"
EndProject
Global
	GlobalSection(SolutionConfigurationPlatforms) = preSolution
		Debug|Any CPU = Debug|Any CPU
		Release|Any CPU = Release|Any CPU
	EndGlobalSection
	GlobalSection(ProjectConfigurationPlatforms) = postSolution
		{AA30F4F9-BBF0-4CE8-A39A-EC2B0CACFF8D}.Debug|Any CPU.ActiveCfg = Debug|Any CPU
		{AA30F4F9-BBF0-4CE8-A39A-EC2B0CACFF8D}.Debug|Any CPU.Build.0 = Debug|Any CPU
		{AA30F4F9-BBF0-4CE8-A39A-EC2B0CACFF8D}.Release|Any CPU.ActiveCfg = Release|Any CPU
		{AA30F4F9-BBF0-4CE8-A39A-EC2B0CACFF8D}.Release|Any CPU.Build.0 = Release|Any CPU
	EndGlobalSection
	GlobalSection(SolutionProperties) = preSolution
		HideSolutionNode = FALSE
	EndGlobalSection
	GlobalSection(ExtensibilityGlobals) = postSolution
		SolutionGuid = {C5EF4400-4677-4894-AE17-150717B2302F}
	EndGlobalSection
EndGlobal
